
Microsoft Visual Studio Solution File, Format Version 12.00
# Visual Studio Version 17
VisualStudioVersion = 17.9.34701.34
MinimumVisualStudioVersion = 10.0.40219.1
Project("{FAE04EC0-301F-11D3-BF4B-00C04F79EFBC}") = "PhoneBook", "PhoneBook\PhoneBook.csproj", "{79EC9523-F21E-4D2D-B64E-677A1260407E}"
EndProject
Global
	GlobalSection(SolutionConfigurationPlatforms) = preSolution
		Debug|Any CPU = Debug|Any CPU
		Release|Any CPU = Release|Any CPU
	EndGlobalSection
	GlobalSection(ProjectConfigurationPlatforms) = postSolution
		{79EC9523-F21E-4D2D-B64E-677A1260407E}.Debug|Any CPU.ActiveCfg = Debug|Any CPU
		{79EC9523-F21E-4D2D-B64E-677A1260407E}.Debug|Any CPU.Build.0 = Debug|Any CPU
		{79EC9523-F21E-4D2D-B64E-677A1260407E}.Release|Any CPU.ActiveCfg = Release|Any CPU
		{79EC9523-F21E-4D2D-B64E-677A1260407E}.Release|Any CPU.Build.0 = Release|Any CPU
	EndGlobalSection
	GlobalSection(SolutionProperties) = preSolution
		HideSolutionNode = FALSE
	EndGlobalSection
	GlobalSection(ExtensibilityGlobals) = postSolution
		SolutionGuid = {F459FA86-41A7-4C48-929D-3C9FAD84355A}
	EndGlobalSection
EndGlobal
