
Microsoft Visual Studio Solution File, Format Version 12.00
# Visual Studio Version 17
VisualStudioVersion = 17.9.34701.34
MinimumVisualStudioVersion = 10.0.40219.1
Project("{FAE04EC0-301F-11D3-BF4B-00C04F79EFBC}") = "WindowsFormsApp2", "WindowsFormsApp2\WindowsFormsApp2.csproj", "{49F7BA34-1BF7-4A97-BD98-68CE1DB5A3A5}"
EndProject
Global
	GlobalSection(SolutionConfigurationPlatforms) = preSolution
		Debug|Any CPU = Debug|Any CPU
		Release|Any CPU = Release|Any CPU
	EndGlobalSection
	GlobalSection(ProjectConfigurationPlatforms) = postSolution
		{49F7BA34-1BF7-4A97-BD98-68CE1DB5A3A5}.Debug|Any CPU.ActiveCfg = Debug|Any CPU
		{49F7BA34-1BF7-4A97-BD98-68CE1DB5A3A5}.Debug|Any CPU.Build.0 = Debug|Any CPU
		{49F7BA34-1BF7-4A97-BD98-68CE1DB5A3A5}.Release|Any CPU.ActiveCfg = Release|Any CPU
		{49F7BA34-1BF7-4A97-BD98-68CE1DB5A3A5}.Release|Any CPU.Build.0 = Release|Any CPU
	EndGlobalSection
	GlobalSection(SolutionProperties) = preSolution
		HideSolutionNode = FALSE
	EndGlobalSection
	GlobalSection(ExtensibilityGlobals) = postSolution
		SolutionGuid = {C378FB9C-3FCE-4823-B721-7AB7888A13E7}
	EndGlobalSection
EndGlobal
